// !$*UTF8*$!
{
	archiveVersion = 1;
	classes = {
	};
	objectVersion = 56;
	objects = {

/* Begin PBXBuildFile section */
		A3E63DBA6C32D5FA468D4FA5 /* Pods_DEMO.framework in Frameworks */ = {isa = PBXBuildFile; fileRef = DC79460BF2EE59F38B47E9E4 /* Pods_DEMO.framework */; };
		B4C17A812B90D3A00036001B /* AppDelegate.swift in Sources */ = {isa = PBXBuildFile; fileRef = B4C17A802B90D3A00036001B /* AppDelegate.swift */; };
		B4C17A832B90D3A00036001B /* SceneDelegate.swift in Sources */ = {isa = PBXBuildFile; fileRef = B4C17A822B90D3A00036001B /* SceneDelegate.swift */; };
		B4C17A852B90D3A00036001B /* ViewController.swift in Sources */ = {isa = PBXBuildFile; fileRef = B4C17A842B90D3A00036001B /* ViewController.swift */; };
		B4C17A882B90D3A00036001B /* Main.storyboard in Resources */ = {isa = PBXBuildFile; fileRef = B4C17A862B90D3A00036001B /* Main.storyboard */; };
		B4C17A8A2B90D3A10036001B /* Assets.xcassets in Resources */ = {isa = PBXBuildFile; fileRef = B4C17A892B90D3A10036001B /* Assets.xcassets */; };
		B4C17A8D2B90D3A10036001B /* LaunchScreen.storyboard in Resources */ = {isa = PBXBuildFile; fileRef = B4C17A8B2B90D3A10036001B /* LaunchScreen.storyboard */; };
		B4C17A982B90D3A10036001B /* DEMOTests.swift in Sources */ = {isa = PBXBuildFile; fileRef = B4C17A972B90D3A10036001B /* DEMOTests.swift */; };
		B4C17AA22B90D3A10036001B /* DEMOUITests.swift in Sources */ = {isa = PBXBuildFile; fileRef = B4C17AA12B90D3A10036001B /* DEMOUITests.swift */; };
		B4C17AA42B90D3A10036001B /* DEMOUITestsLaunchTests.swift in Sources */ = {isa = PBXBuildFile; fileRef = B4C17AA32B90D3A10036001B /* DEMOUITestsLaunchTests.swift */; };
		C96428E5111C444B4F4764B8 /* Pods_DEMO_DEMOUITests.framework in Frameworks */ = {isa = PBXBuildFile; fileRef = 2DA584B46FCF5AB833EB8E0E /* Pods_DEMO_DEMOUITests.framework */; };
		E504C07B432B35CB0BB6C17C /* Pods_DEMOTests.framework in Frameworks */ = {isa = PBXBuildFile; fileRef = 86FC54437D8ED057A5C13BE6 /* Pods_DEMOTests.framework */; };
/* End PBXBuildFile section */

/* Begin PBXContainerItemProxy section */
		B4C17A942B90D3A10036001B /* PBXContainerItemProxy */ = {
			isa = PBXContainerItemProxy;
			containerPortal = B4C17A752B90D3A00036001B /* Project object */;
			proxyType = 1;
			remoteGlobalIDString = B4C17A7C2B90D3A00036001B;
			remoteInfo = DEMO;
		};
		B4C17A9E2B90D3A10036001B /* PBXContainerItemProxy */ = {
			isa = PBXContainerItemProxy;
			containerPortal = B4C17A752B90D3A00036001B /* Project object */;
			proxyType = 1;
			remoteGlobalIDString = B4C17A7C2B90D3A00036001B;
			remoteInfo = DEMO;
		};
/* End PBXContainerItemProxy section */

/* Begin PBXFileReference section */
		2DA584B46FCF5AB833EB8E0E /* Pods_DEMO_DEMOUITests.framework */ = {isa = PBXFileReference; explicitFileType = wrapper.framework; includeInIndex = 0; path = Pods_DEMO_DEMOUITests.framework; sourceTree = BUILT_PRODUCTS_DIR; };
		61CC9FF9D5336A9D4517F948 /* Pods-DEMOTests.debug.xcconfig */ = {isa = PBXFileReference; includeInIndex = 1; lastKnownFileType = text.xcconfig; name = "Pods-DEMOTests.debug.xcconfig"; path = "Target Support Files/Pods-DEMOTests/Pods-DEMOTests.debug.xcconfig"; sourceTree = "<group>"; };
		86FC54437D8ED057A5C13BE6 /* Pods_DEMOTests.framework */ = {isa = PBXFileReference; explicitFileType = wrapper.framework; includeInIndex = 0; path = Pods_DEMOTests.framework; sourceTree = BUILT_PRODUCTS_DIR; };
		B3D6BD41DDD0A1F93CFC969C /* Pods-DEMO.release.xcconfig */ = {isa = PBXFileReference; includeInIndex = 1; lastKnownFileType = text.xcconfig; name = "Pods-DEMO.release.xcconfig"; path = "Target Support Files/Pods-DEMO/Pods-DEMO.release.xcconfig"; sourceTree = "<group>"; };
		B4C17A7D2B90D3A00036001B /* DEMO.app */ = {isa = PBXFileReference; explicitFileType = wrapper.application; includeInIndex = 0; path = DEMO.app; sourceTree = BUILT_PRODUCTS_DIR; };
		B4C17A802B90D3A00036001B /* AppDelegate.swift */ = {isa = PBXFileReference; lastKnownFileType = sourcecode.swift; path = AppDelegate.swift; sourceTree = "<group>"; };
		B4C17A822B90D3A00036001B /* SceneDelegate.swift */ = {isa = PBXFileReference; lastKnownFileType = sourcecode.swift; path = SceneDelegate.swift; sourceTree = "<group>"; };
		B4C17A842B90D3A00036001B /* ViewController.swift */ = {isa = PBXFileReference; lastKnownFileType = sourcecode.swift; path = ViewController.swift; sourceTree = "<group>"; };
		B4C17A872B90D3A00036001B /* Base */ = {isa = PBXFileReference; lastKnownFileType = file.storyboard; name = Base; path = Base.lproj/Main.storyboard; sourceTree = "<group>"; };
		B4C17A892B90D3A10036001B /* Assets.xcassets */ = {isa = PBXFileReference; lastKnownFileType = folder.assetcatalog; path = Assets.xcassets; sourceTree = "<group>"; };
		B4C17A8C2B90D3A10036001B /* Base */ = {isa = PBXFileReference; lastKnownFileType = file.storyboard; name = Base; path = Base.lproj/LaunchScreen.storyboard; sourceTree = "<group>"; };
		B4C17A8E2B90D3A10036001B /* Info.plist */ = {isa = PBXFileReference; lastKnownFileType = text.plist.xml; path = Info.plist; sourceTree = "<group>"; };
		B4C17A932B90D3A10036001B /* DEMOTests.xctest */ = {isa = PBXFileReference; explicitFileType = wrapper.cfbundle; includeInIndex = 0; path = DEMOTests.xctest; sourceTree = BUILT_PRODUCTS_DIR; };
		B4C17A972B90D3A10036001B /* DEMOTests.swift */ = {isa = PBXFileReference; lastKnownFileType = sourcecode.swift; path = DEMOTests.swift; sourceTree = "<group>"; };
		B4C17A9D2B90D3A10036001B /* DEMOUITests.xctest */ = {isa = PBXFileReference; explicitFileType = wrapper.cfbundle; includeInIndex = 0; path = DEMOUITests.xctest; sourceTree = BUILT_PRODUCTS_DIR; };
		B4C17AA12B90D3A10036001B /* DEMOUITests.swift */ = {isa = PBXFileReference; lastKnownFileType = sourcecode.swift; path = DEMOUITests.swift; sourceTree = "<group>"; };
		B4C17AA32B90D3A10036001B /* DEMOUITestsLaunchTests.swift */ = {isa = PBXFileReference; lastKnownFileType = sourcecode.swift; path = DEMOUITestsLaunchTests.swift; sourceTree = "<group>"; };
		C9296BE7531DC944CF50F2BD /* Pods-DEMO.debug.xcconfig */ = {isa = PBXFileReference; includeInIndex = 1; lastKnownFileType = text.xcconfig; name = "Pods-DEMO.debug.xcconfig"; path = "Target Support Files/Pods-DEMO/Pods-DEMO.debug.xcconfig"; sourceTree = "<group>"; };
		D6821049747A498E5DB6AC48 /* Pods-DEMO-DEMOUITests.release.xcconfig */ = {isa = PBXFileReference; includeInIndex = 1; lastKnownFileType = text.xcconfig; name = "Pods-DEMO-DEMOUITests.release.xcconfig"; path = "Target Support Files/Pods-DEMO-DEMOUITests/Pods-DEMO-DEMOUITests.release.xcconfig"; sourceTree = "<group>"; };
		DA48A6B364F3D301D858AADF /* Pods-DEMOTests.release.xcconfig */ = {isa = PBXFileReference; includeInIndex = 1; lastKnownFileType = text.xcconfig; name = "Pods-DEMOTests.release.xcconfig"; path = "Target Support Files/Pods-DEMOTests/Pods-DEMOTests.release.xcconfig"; sourceTree = "<group>"; };
		DC79460BF2EE59F38B47E9E4 /* Pods_DEMO.framework */ = {isa = PBXFileReference; explicitFileType = wrapper.framework; includeInIndex = 0; path = Pods_DEMO.framework; sourceTree = BUILT_PRODUCTS_DIR; };
		E10CB626DF43FC7EB854E491 /* Pods-DEMO-DEMOUITests.debug.xcconfig */ = {isa = PBXFileReference; includeInIndex = 1; lastKnownFileType = text.xcconfig; name = "Pods-DEMO-DEMOUITests.debug.xcconfig"; path = "Target Support Files/Pods-DEMO-DEMOUITests/Pods-DEMO-DEMOUITests.debug.xcconfig"; sourceTree = "<group>"; };
/* End PBXFileReference section */

/* Begin PBXFrameworksBuildPhase section */
		B4C17A7A2B90D3A00036001B /* Frameworks */ = {
			isa = PBXFrameworksBuildPhase;
			buildActionMask = 2147483647;
			files = (
				A3E63DBA6C32D5FA468D4FA5 /* Pods_DEMO.framework in Frameworks */,
			);
			runOnlyForDeploymentPostprocessing = 0;
		};
		B4C17A902B90D3A10036001B /* Frameworks */ = {
			isa = PBXFrameworksBuildPhase;
			buildActionMask = 2147483647;
			files = (
				E504C07B432B35CB0BB6C17C /* Pods_DEMOTests.framework in Frameworks */,
			);
			runOnlyForDeploymentPostprocessing = 0;
		};
		B4C17A9A2B90D3A10036001B /* Frameworks */ = {
			isa = PBXFrameworksBuildPhase;
			buildActionMask = 2147483647;
			files = (
				C96428E5111C444B4F4764B8 /* Pods_DEMO_DEMOUITests.framework in Frameworks */,
			);
			runOnlyForDeploymentPostprocessing = 0;
		};
/* End PBXFrameworksBuildPhase section */

/* Begin PBXGroup section */
		82CF983D59B0B0BF9AA4FB16 /* Frameworks */ = {
			isa = PBXGroup;
			children = (
				DC79460BF2EE59F38B47E9E4 /* Pods_DEMO.framework */,
				2DA584B46FCF5AB833EB8E0E /* Pods_DEMO_DEMOUITests.framework */,
				86FC54437D8ED057A5C13BE6 /* Pods_DEMOTests.framework */,
			);
			name = Frameworks;
			sourceTree = "<group>";
		};
		B4C17A742B90D3A00036001B = {
			isa = PBXGroup;
			children = (
				B4C17A7F2B90D3A00036001B /* DEMO */,
				B4C17A962B90D3A10036001B /* DEMOTests */,
				B4C17AA02B90D3A10036001B /* DEMOUITests */,
				B4C17A7E2B90D3A00036001B /* Products */,
				BCF7A5778D9231E226E0B378 /* Pods */,
				82CF983D59B0B0BF9AA4FB16 /* Frameworks */,
			);
			sourceTree = "<group>";
		};
		B4C17A7E2B90D3A00036001B /* Products */ = {
			isa = PBXGroup;
			children = (
				B4C17A7D2B90D3A00036001B /* DEMO.app */,
				B4C17A932B90D3A10036001B /* DEMOTests.xctest */,
				B4C17A9D2B90D3A10036001B /* DEMOUITests.xctest */,
			);
			name = Products;
			sourceTree = "<group>";
		};
		B4C17A7F2B90D3A00036001B /* DEMO */ = {
			isa = PBXGroup;
			children = (
				B4C17A802B90D3A00036001B /* AppDelegate.swift */,
				B4C17A822B90D3A00036001B /* SceneDelegate.swift */,
				B4C17A842B90D3A00036001B /* ViewController.swift */,
				B4C17A862B90D3A00036001B /* Main.storyboard */,
				B4C17A892B90D3A10036001B /* Assets.xcassets */,
				B4C17A8B2B90D3A10036001B /* LaunchScreen.storyboard */,
				B4C17A8E2B90D3A10036001B /* Info.plist */,
			);
			path = DEMO;
			sourceTree = "<group>";
		};
		B4C17A962B90D3A10036001B /* DEMOTests */ = {
			isa = PBXGroup;
			children = (
				B4C17A972B90D3A10036001B /* DEMOTests.swift */,
			);
			path = DEMOTests;
			sourceTree = "<group>";
		};
		B4C17AA02B90D3A10036001B /* DEMOUITests */ = {
			isa = PBXGroup;
			children = (
				B4C17AA12B90D3A10036001B /* DEMOUITests.swift */,
				B4C17AA32B90D3A10036001B /* DEMOUITestsLaunchTests.swift */,
			);
			path = DEMOUITests;
			sourceTree = "<group>";
		};
		BCF7A5778D9231E226E0B378 /* Pods */ = {
			isa = PBXGroup;
			children = (
				C9296BE7531DC944CF50F2BD /* Pods-DEMO.debug.xcconfig */,
				B3D6BD41DDD0A1F93CFC969C /* Pods-DEMO.release.xcconfig */,
				E10CB626DF43FC7EB854E491 /* Pods-DEMO-DEMOUITests.debug.xcconfig */,
				D6821049747A498E5DB6AC48 /* Pods-DEMO-DEMOUITests.release.xcconfig */,
				61CC9FF9D5336A9D4517F948 /* Pods-DEMOTests.debug.xcconfig */,
				DA48A6B364F3D301D858AADF /* Pods-DEMOTests.release.xcconfig */,
			);
			path = Pods;
			sourceTree = "<group>";
		};
/* End PBXGroup section */

/* Begin PBXNativeTarget section */
		B4C17A7C2B90D3A00036001B /* DEMO */ = {
			isa = PBXNativeTarget;
			buildConfigurationList = B4C17AA72B90D3A10036001B /* Build configuration list for PBXNativeTarget "DEMO" */;
			buildPhases = (
				453AAD84CE5E7A0E66040D61 /* [CP] Check Pods Manifest.lock */,
				B4C17A792B90D3A00036001B /* Sources */,
				B4C17A7A2B90D3A00036001B /* Frameworks */,
				B4C17A7B2B90D3A00036001B /* Resources */,
				A4CDF4CF28CB0371F39FEBE9 /* [CP] Embed Pods Frameworks */,
			);
			buildRules = (
			);
			dependencies = (
			);
			name = DEMO;
			productName = DEMO;
			productReference = B4C17A7D2B90D3A00036001B /* DEMO.app */;
			productType = "com.apple.product-type.application";
		};
		B4C17A922B90D3A10036001B /* DEMOTests */ = {
			isa = PBXNativeTarget;
			buildConfigurationList = B4C17AAA2B90D3A10036001B /* Build configuration list for PBXNativeTarget "DEMOTests" */;
			buildPhases = (
				C8438A89852B7F1BBE8555FB /* [CP] Check Pods Manifest.lock */,
				B4C17A8F2B90D3A10036001B /* Sources */,
				B4C17A902B90D3A10036001B /* Frameworks */,
				B4C17A912B90D3A10036001B /* Resources */,
				DB7AC833526559CFD454A645 /* [CP] Embed Pods Frameworks */,
			);
			buildRules = (
			);
			dependencies = (
				B4C17A952B90D3A10036001B /* PBXTargetDependency */,
			);
			name = DEMOTests;
			productName = DEMOTests;
			productReference = B4C17A932B90D3A10036001B /* DEMOTests.xctest */;
			productType = "com.apple.product-type.bundle.unit-test";
		};
		B4C17A9C2B90D3A10036001B /* DEMOUITests */ = {
			isa = PBXNativeTarget;
			buildConfigurationList = B4C17AAD2B90D3A10036001B /* Build configuration list for PBXNativeTarget "DEMOUITests" */;
			buildPhases = (
				CFC9AC56A9E12242F6BCD6DD /* [CP] Check Pods Manifest.lock */,
				B4C17A992B90D3A10036001B /* Sources */,
				B4C17A9A2B90D3A10036001B /* Frameworks */,
				B4C17A9B2B90D3A10036001B /* Resources */,
				4B2D18D81270605B2AEED0F7 /* [CP] Embed Pods Frameworks */,
			);
			buildRules = (
			);
			dependencies = (
				B4C17A9F2B90D3A10036001B /* PBXTargetDependency */,
			);
			name = DEMOUITests;
			productName = DEMOUITests;
			productReference = B4C17A9D2B90D3A10036001B /* DEMOUITests.xctest */;
			productType = "com.apple.product-type.bundle.ui-testing";
		};
/* End PBXNativeTarget section */

/* Begin PBXProject section */
		B4C17A752B90D3A00036001B /* Project object */ = {
			isa = PBXProject;
			attributes = {
				BuildIndependentTargetsInParallel = 1;
				LastSwiftUpdateCheck = 1500;
				LastUpgradeCheck = 1500;
				TargetAttributes = {
					B4C17A7C2B90D3A00036001B = {
						CreatedOnToolsVersion = 15.0.1;
					};
					B4C17A922B90D3A10036001B = {
						CreatedOnToolsVersion = 15.0.1;
						TestTargetID = B4C17A7C2B90D3A00036001B;
					};
					B4C17A9C2B90D3A10036001B = {
						CreatedOnToolsVersion = 15.0.1;
						TestTargetID = B4C17A7C2B90D3A00036001B;
					};
				};
			};
			buildConfigurationList = B4C17A782B90D3A00036001B /* Build configuration list for PBXProject "DEMO" */;
			compatibilityVersion = "Xcode 14.0";
			developmentRegion = en;
			hasScannedForEncodings = 0;
			knownRegions = (
				en,
				Base,
			);
			mainGroup = B4C17A742B90D3A00036001B;
			productRefGroup = B4C17A7E2B90D3A00036001B /* Products */;
			projectDirPath = "";
			projectRoot = "";
			targets = (
				B4C17A7C2B90D3A00036001B /* DEMO */,
				B4C17A922B90D3A10036001B /* DEMOTests */,
				B4C17A9C2B90D3A10036001B /* DEMOUITests */,
			);
		};
/* End PBXProject section */

/* Begin PBXResourcesBuildPhase section */
		B4C17A7B2B90D3A00036001B /* Resources */ = {
			isa = PBXResourcesBuildPhase;
			buildActionMask = 2147483647;
			files = (
				B4C17A8D2B90D3A10036001B /* LaunchScreen.storyboard in Resources */,
				B4C17A8A2B90D3A10036001B /* Assets.xcassets in Resources */,
				B4C17A882B90D3A00036001B /* Main.storyboard in Resources */,
			);
			runOnlyForDeploymentPostprocessing = 0;
		};
		B4C17A912B90D3A10036001B /* Resources */ = {
			isa = PBXResourcesBuildPhase;
			buildActionMask = 2147483647;
			files = (
			);
			runOnlyForDeploymentPostprocessing = 0;
		};
		B4C17A9B2B90D3A10036001B /* Resources */ = {
			isa = PBXResourcesBuildPhase;
			buildActionMask = 2147483647;
			files = (
			);
			runOnlyForDeploymentPostprocessing = 0;
		};
/* End PBXResourcesBuildPhase section */

/* Begin PBXShellScriptBuildPhase section */
		453AAD84CE5E7A0E66040D61 /* [CP] Check Pods Manifest.lock */ = {
			isa = PBXShellScriptBuildPhase;
			buildActionMask = 2147483647;
			files = (
			);
			inputFileListPaths = (
			);
			inputPaths = (
				"${PODS_PODFILE_DIR_PATH}/Podfile.lock",
				"${PODS_ROOT}/Manifest.lock",
			);
			name = "[CP] Check Pods Manifest.lock";
			outputFileListPaths = (
			);
			outputPaths = (
				"$(DERIVED_FILE_DIR)/Pods-DEMO-checkManifestLockResult.txt",
			);
			runOnlyForDeploymentPostprocessing = 0;
			shellPath = /bin/sh;
			shellScript = "diff \"${PODS_PODFILE_DIR_PATH}/Podfile.lock\" \"${PODS_ROOT}/Manifest.lock\" > /dev/null\nif [ $? != 0 ] ; then\n    # print error to STDERR\n    echo \"error: The sandbox is not in sync with the Podfile.lock. Run 'pod install' or update your CocoaPods installation.\" >&2\n    exit 1\nfi\n# This output is used by Xcode 'outputs' to avoid re-running this script phase.\necho \"SUCCESS\" > \"${SCRIPT_OUTPUT_FILE_0}\"\n";
			showEnvVarsInLog = 0;
		};
		4B2D18D81270605B2AEED0F7 /* [CP] Embed Pods Frameworks */ = {
			isa = PBXShellScriptBuildPhase;
			buildActionMask = 2147483647;
			files = (
			);
			inputFileListPaths = (
				"${PODS_ROOT}/Target Support Files/Pods-DEMO-DEMOUITests/Pods-DEMO-DEMOUITests-frameworks-${CONFIGURATION}-input-files.xcfilelist",
			);
			name = "[CP] Embed Pods Frameworks";
			outputFileListPaths = (
				"${PODS_ROOT}/Target Support Files/Pods-DEMO-DEMOUITests/Pods-DEMO-DEMOUITests-frameworks-${CONFIGURATION}-output-files.xcfilelist",
			);
			runOnlyForDeploymentPostprocessing = 0;
			shellPath = /bin/sh;
			shellScript = "\"${PODS_ROOT}/Target Support Files/Pods-DEMO-DEMOUITests/Pods-DEMO-DEMOUITests-frameworks.sh\"\n";
			showEnvVarsInLog = 0;
		};
		A4CDF4CF28CB0371F39FEBE9 /* [CP] Embed Pods Frameworks */ = {
			isa = PBXShellScriptBuildPhase;
			buildActionMask = 2147483647;
			files = (
			);
			inputFileListPaths = (
				"${PODS_ROOT}/Target Support Files/Pods-DEMO/Pods-DEMO-frameworks-${CONFIGURATION}-input-files.xcfilelist",
			);
			name = "[CP] Embed Pods Frameworks";
			outputFileListPaths = (
				"${PODS_ROOT}/Target Support Files/Pods-DEMO/Pods-DEMO-frameworks-${CONFIGURATION}-output-files.xcfilelist",
			);
			runOnlyForDeploymentPostprocessing = 0;
			shellPath = /bin/sh;
			shellScript = "\"${PODS_ROOT}/Target Support Files/Pods-DEMO/Pods-DEMO-frameworks.sh\"\n";
			showEnvVarsInLog = 0;
		};
		C8438A89852B7F1BBE8555FB /* [CP] Check Pods Manifest.lock */ = {
			isa = PBXShellScriptBuildPhase;
			buildActionMask = 2147483647;
			files = (
			);
			inputFileListPaths = (
			);
			inputPaths = (
				"${PODS_PODFILE_DIR_PATH}/Podfile.lock",
				"${PODS_ROOT}/Manifest.lock",
			);
			name = "[CP] Check Pods Manifest.lock";
			outputFileListPaths = (
			);
			outputPaths = (
				"$(DERIVED_FILE_DIR)/Pods-DEMOTests-checkManifestLockResult.txt",
			);
			runOnlyForDeploymentPostprocessing = 0;
			shellPath = /bin/sh;
			shellScript = "diff \"${PODS_PODFILE_DIR_PATH}/Podfile.lock\" \"${PODS_ROOT}/Manifest.lock\" > /dev/null\nif [ $? != 0 ] ; then\n    # print error to STDERR\n    echo \"error: The sandbox is not in sync with the Podfile.lock. Run 'pod install' or update your CocoaPods installation.\" >&2\n    exit 1\nfi\n# This output is used by Xcode 'outputs' to avoid re-running this script phase.\necho \"SUCCESS\" > \"${SCRIPT_OUTPUT_FILE_0}\"\n";
			showEnvVarsInLog = 0;
		};
		CFC9AC56A9E12242F6BCD6DD /* [CP] Check Pods Manifest.lock */ = {
			isa = PBXShellScriptBuildPhase;
			buildActionMask = 2147483647;
			files = (
			);
			inputFileListPaths = (
			);
			inputPaths = (
				"${PODS_PODFILE_DIR_PATH}/Podfile.lock",
				"${PODS_ROOT}/Manifest.lock",
			);
			name = "[CP] Check Pods Manifest.lock";
			outputFileListPaths = (
			);
			outputPaths = (
				"$(DERIVED_FILE_DIR)/Pods-DEMO-DEMOUITests-checkManifestLockResult.txt",
			);
			runOnlyForDeploymentPostprocessing = 0;
			shellPath = /bin/sh;
			shellScript = "diff \"${PODS_PODFILE_DIR_PATH}/Podfile.lock\" \"${PODS_ROOT}/Manifest.lock\" > /dev/null\nif [ $? != 0 ] ; then\n    # print error to STDERR\n    echo \"error: The sandbox is not in sync with the Podfile.lock. Run 'pod install' or update your CocoaPods installation.\" >&2\n    exit 1\nfi\n# This output is used by Xcode 'outputs' to avoid re-running this script phase.\necho \"SUCCESS\" > \"${SCRIPT_OUTPUT_FILE_0}\"\n";
			showEnvVarsInLog = 0;
		};
		DB7AC833526559CFD454A645 /* [CP] Embed Pods Frameworks */ = {
			isa = PBXShellScriptBuildPhase;
			buildActionMask = 2147483647;
			files = (
			);
			inputFileListPaths = (
				"${PODS_ROOT}/Target Support Files/Pods-DEMOTests/Pods-DEMOTests-frameworks-${CONFIGURATION}-input-files.xcfilelist",
			);
			name = "[CP] Embed Pods Frameworks";
			outputFileListPaths = (
				"${PODS_ROOT}/Target Support Files/Pods-DEMOTests/Pods-DEMOTests-frameworks-${CONFIGURATION}-output-files.xcfilelist",
			);
			runOnlyForDeploymentPostprocessing = 0;
			shellPath = /bin/sh;
			shellScript = "\"${PODS_ROOT}/Target Support Files/Pods-DEMOTests/Pods-DEMOTests-frameworks.sh\"\n";
			showEnvVarsInLog = 0;
		};
/* End PBXShellScriptBuildPhase section */

/* Begin PBXSourcesBuildPhase section */
		B4C17A792B90D3A00036001B /* Sources */ = {
			isa = PBXSourcesBuildPhase;
			buildActionMask = 2147483647;
			files = (
				B4C17A852B90D3A00036001B /* ViewController.swift in Sources */,
				B4C17A812B90D3A00036001B /* AppDelegate.swift in Sources */,
				B4C17A832B90D3A00036001B /* SceneDelegate.swift in Sources */,
			);
			runOnlyForDeploymentPostprocessing = 0;
		};
		B4C17A8F2B90D3A10036001B /* Sources */ = {
			isa = PBXSourcesBuildPhase;
			buildActionMask = 2147483647;
			files = (
				B4C17A982B90D3A10036001B /* DEMOTests.swift in Sources */,
			);
			runOnlyForDeploymentPostprocessing = 0;
		};
		B4C17A992B90D3A10036001B /* Sources */ = {
			isa = PBXSourcesBuildPhase;
			buildActionMask = 2147483647;
			files = (
				B4C17AA22B90D3A10036001B /* DEMOUITests.swift in Sources */,
				B4C17AA42B90D3A10036001B /* DEMOUITestsLaunchTests.swift in Sources */,
			);
			runOnlyForDeploymentPostprocessing = 0;
		};
/* End PBXSourcesBuildPhase section */

/* Begin PBXTargetDependency section */
		B4C17A952B90D3A10036001B /* PBXTargetDependency */ = {
			isa = PBXTargetDependency;
			target = B4C17A7C2B90D3A00036001B /* DEMO */;
			targetProxy = B4C17A942B90D3A10036001B /* PBXContainerItemProxy */;
		};
		B4C17A9F2B90D3A10036001B /* PBXTargetDependency */ = {
			isa = PBXTargetDependency;
			target = B4C17A7C2B90D3A00036001B /* DEMO */;
			targetProxy = B4C17A9E2B90D3A10036001B /* PBXContainerItemProxy */;
		};
/* End PBXTargetDependency section */

/* Begin PBXVariantGroup section */
		B4C17A862B90D3A00036001B /* Main.storyboard */ = {
			isa = PBXVariantGroup;
			children = (
				B4C17A872B90D3A00036001B /* Base */,
			);
			name = Main.storyboard;
			sourceTree = "<group>";
		};
		B4C17A8B2B90D3A10036001B /* LaunchScreen.storyboard */ = {
			isa = PBXVariantGroup;
			children = (
				B4C17A8C2B90D3A10036001B /* Base */,
			);
			name = LaunchScreen.storyboard;
			sourceTree = "<group>";
		};
/* End PBXVariantGroup section */

/* Begin XCBuildConfiguration section */
		B4C17AA52B90D3A10036001B /* Debug */ = {
			isa = XCBuildConfiguration;
			buildSettings = {
				ALWAYS_SEARCH_USER_PATHS = NO;
				ASSETCATALOG_COMPILER_GENERATE_SWIFT_ASSET_SYMBOL_EXTENSIONS = YES;
				CLANG_ANALYZER_NONNULL = YES;
				CLANG_ANALYZER_NUMBER_OBJECT_CONVERSION = YES_AGGRESSIVE;
				CLANG_CXX_LANGUAGE_STANDARD = "gnu++20";
				CLANG_ENABLE_MODULES = YES;
				CLANG_ENABLE_OBJC_ARC = YES;
				CLANG_ENABLE_OBJC_WEAK = YES;
				CLANG_WARN_BLOCK_CAPTURE_AUTORELEASING = YES;
				CLANG_WARN_BOOL_CONVERSION = YES;
				CLANG_WARN_COMMA = YES;
				CLANG_WARN_CONSTANT_CONVERSION = YES;
				CLANG_WARN_DEPRECATED_OBJC_IMPLEMENTATIONS = YES;
				CLANG_WARN_DIRECT_OBJC_ISA_USAGE = YES_ERROR;
				CLANG_WARN_DOCUMENTATION_COMMENTS = YES;
				CLANG_WARN_EMPTY_BODY = YES;
				CLANG_WARN_ENUM_CONVERSION = YES;
				CLANG_WARN_INFINITE_RECURSION = YES;
				CLANG_WARN_INT_CONVERSION = YES;
				CLANG_WARN_NON_LITERAL_NULL_CONVERSION = YES;
				CLANG_WARN_OBJC_IMPLICIT_RETAIN_SELF = YES;
				CLANG_WARN_OBJC_LITERAL_CONVERSION = YES;
				CLANG_WARN_OBJC_ROOT_CLASS = YES_ERROR;
				CLANG_WARN_QUOTED_INCLUDE_IN_FRAMEWORK_HEADER = YES;
				CLANG_WARN_RANGE_LOOP_ANALYSIS = YES;
				CLANG_WARN_STRICT_PROTOTYPES = YES;
				CLANG_WARN_SUSPICIOUS_MOVE = YES;
				CLANG_WARN_UNGUARDED_AVAILABILITY = YES_AGGRESSIVE;
				CLANG_WARN_UNREACHABLE_CODE = YES;
				CLANG_WARN__DUPLICATE_METHOD_MATCH = YES;
				COPY_PHASE_STRIP = NO;
				DEBUG_INFORMATION_FORMAT = dwarf;
				ENABLE_STRICT_OBJC_MSGSEND = YES;
				ENABLE_TESTABILITY = YES;
				ENABLE_USER_SCRIPT_SANDBOXING = NO;
				GCC_C_LANGUAGE_STANDARD = gnu17;
				GCC_DYNAMIC_NO_PIC = NO;
				GCC_NO_COMMON_BLOCKS = YES;
				GCC_OPTIMIZATION_LEVEL = 0;
				GCC_PREPROCESSOR_DEFINITIONS = (
					"DEBUG=1",
					"$(inherited)",
				);
				GCC_WARN_64_TO_32_BIT_CONVERSION = YES;
				GCC_WARN_ABOUT_RETURN_TYPE = YES_ERROR;
				GCC_WARN_UNDECLARED_SELECTOR = YES;
				GCC_WARN_UNINITIALIZED_AUTOS = YES_AGGRESSIVE;
				GCC_WARN_UNUSED_FUNCTION = YES;
				GCC_WARN_UNUSED_VARIABLE = YES;
				IPHONEOS_DEPLOYMENT_TARGET = 17.0;
				LOCALIZATION_PREFERS_STRING_CATALOGS = YES;
				MTL_ENABLE_DEBUG_INFO = INCLUDE_SOURCE;
				MTL_FAST_MATH = YES;
				ONLY_ACTIVE_ARCH = YES;
				SDKROOT = iphoneos;
				SWIFT_ACTIVE_COMPILATION_CONDITIONS = "DEBUG $(inherited)";
				SWIFT_OPTIMIZATION_LEVEL = "-Onone";
			};
			name = Debug;
		};
		B4C17AA62B90D3A10036001B /* Release */ = {
			isa = XCBuildConfiguration;
			buildSettings = {
				ALWAYS_SEARCH_USER_PATHS = NO;
				ASSETCATALOG_COMPILER_GENERATE_SWIFT_ASSET_SYMBOL_EXTENSIONS = YES;
				CLANG_ANALYZER_NONNULL = YES;
				CLANG_ANALYZER_NUMBER_OBJECT_CONVERSION = YES_AGGRESSIVE;
				CLANG_CXX_LANGUAGE_STANDARD = "gnu++20";
				CLANG_ENABLE_MODULES = YES;
				CLANG_ENABLE_OBJC_ARC = YES;
				CLANG_ENABLE_OBJC_WEAK = YES;
				CLANG_WARN_BLOCK_CAPTURE_AUTORELEASING = YES;
				CLANG_WARN_BOOL_CONVERSION = YES;
				CLANG_WARN_COMMA = YES;
				CLANG_WARN_CONSTANT_CONVERSION = YES;
				CLANG_WARN_DEPRECATED_OBJC_IMPLEMENTATIONS = YES;
				CLANG_WARN_DIRECT_OBJC_ISA_USAGE = YES_ERROR;
				CLANG_WARN_DOCUMENTATION_COMMENTS = YES;
				CLANG_WARN_EMPTY_BODY = YES;
				CLANG_WARN_ENUM_CONVERSION = YES;
				CLANG_WARN_INFINITE_RECURSION = YES;
				CLANG_WARN_INT_CONVERSION = YES;
				CLANG_WARN_NON_LITERAL_NULL_CONVERSION = YES;
				CLANG_WARN_OBJC_IMPLICIT_RETAIN_SELF = YES;
				CLANG_WARN_OBJC_LITERAL_CONVERSION = YES;
				CLANG_WARN_OBJC_ROOT_CLASS = YES_ERROR;
				CLANG_WARN_QUOTED_INCLUDE_IN_FRAMEWORK_HEADER = YES;
				CLANG_WARN_RANGE_LOOP_ANALYSIS = YES;
				CLANG_WARN_STRICT_PROTOTYPES = YES;
				CLANG_WARN_SUSPICIOUS_MOVE = YES;
				CLANG_WARN_UNGUARDED_AVAILABILITY = YES_AGGRESSIVE;
				CLANG_WARN_UNREACHABLE_CODE = YES;
				CLANG_WARN__DUPLICATE_METHOD_MATCH = YES;
				COPY_PHASE_STRIP = NO;
				DEBUG_INFORMATION_FORMAT = "dwarf-with-dsym";
				ENABLE_NS_ASSERTIONS = NO;
				ENABLE_STRICT_OBJC_MSGSEND = YES;
				ENABLE_USER_SCRIPT_SANDBOXING = NO;
				GCC_C_LANGUAGE_STANDARD = gnu17;
				GCC_NO_COMMON_BLOCKS = YES;
				GCC_WARN_64_TO_32_BIT_CONVERSION = YES;
				GCC_WARN_ABOUT_RETURN_TYPE = YES_ERROR;
				GCC_WARN_UNDECLARED_SELECTOR = YES;
				GCC_WARN_UNINITIALIZED_AUTOS = YES_AGGRESSIVE;
				GCC_WARN_UNUSED_FUNCTION = YES;
				GCC_WARN_UNUSED_VARIABLE = YES;
				IPHONEOS_DEPLOYMENT_TARGET = 17.0;
				LOCALIZATION_PREFERS_STRING_CATALOGS = YES;
				MTL_ENABLE_DEBUG_INFO = NO;
				MTL_FAST_MATH = YES;
				SDKROOT = iphoneos;
				SWIFT_COMPILATION_MODE = wholemodule;
				VALIDATE_PRODUCT = YES;
			};
			name = Release;
		};
		B4C17AA82B90D3A10036001B /* Debug */ = {
			isa = XCBuildConfiguration;
			baseConfigurationReference = C9296BE7531DC944CF50F2BD /* Pods-DEMO.debug.xcconfig */;
			buildSettings = {
				ASSETCATALOG_COMPILER_APPICON_NAME = AppIcon;
				ASSETCATALOG_COMPILER_GLOBAL_ACCENT_COLOR_NAME = AccentColor;
				CODE_SIGN_STYLE = Automatic;
				CURRENT_PROJECT_VERSION = 1;
				DEVELOPMENT_TEAM = J9CJUEB6H8;
				GENERATE_INFOPLIST_FILE = YES;
				INFOPLIST_FILE = DEMO/Info.plist;
				INFOPLIST_KEY_UIApplicationSupportsIndirectInputEvents = YES;
				INFOPLIST_KEY_UILaunchStoryboardName = LaunchScreen;
				INFOPLIST_KEY_UIMainStoryboardFile = Main;
				INFOPLIST_KEY_UISupportedInterfaceOrientations_iPad = "UIInterfaceOrientationPortrait UIInterfaceOrientationPortraitUpsideDown UIInterfaceOrientationLandscapeLeft UIInterfaceOrientationLandscapeRight";
				INFOPLIST_KEY_UISupportedInterfaceOrientations_iPhone = "UIInterfaceOrientationPortrait UIInterfaceOrientationLandscapeLeft UIInterfaceOrientationLandscapeRight";
				LD_RUNPATH_SEARCH_PATHS = (
					"$(inherited)",
					"@executable_path/Frameworks",
				);
				MARKETING_VERSION = 1.0;
				PRODUCT_BUNDLE_IDENTIFIER = com.xiaoyou.DEMO;
				PRODUCT_NAME = "$(TARGET_NAME)";
				SWIFT_EMIT_LOC_STRINGS = YES;
				SWIFT_VERSION = 5.0;
				TARGETED_DEVICE_FAMILY = "1,2";
			};
			name = Debug;
		};
		B4C17AA92B90D3A10036001B /* Release */ = {
			isa = XCBuildConfiguration;
			baseConfigurationReference = B3D6BD41DDD0A1F93CFC969C /* Pods-DEMO.release.xcconfig */;
			buildSettings = {
				ASSETCATALOG_COMPILER_APPICON_NAME = AppIcon;
				ASSETCATALOG_COMPILER_GLOBAL_ACCENT_COLOR_NAME = AccentColor;
				CODE_SIGN_STYLE = Automatic;
				CURRENT_PROJECT_VERSION = 1;
				DEVELOPMENT_TEAM = J9CJUEB6H8;
				GENERATE_INFOPLIST_FILE = YES;
				INFOPLIST_FILE = DEMO/Info.plist;
				INFOPLIST_KEY_UIApplicationSupportsIndirectInputEvents = YES;
				INFOPLIST_KEY_UILaunchStoryboardName = LaunchScreen;
				INFOPLIST_KEY_UIMainStoryboardFile = Main;
				INFOPLIST_KEY_UISupportedInterfaceOrientations_iPad = "UIInterfaceOrientationPortrait UIInterfaceOrientationPortraitUpsideDown UIInterfaceOrientationLandscapeLeft UIInterfaceOrientationLandscapeRight";
				INFOPLIST_KEY_UISupportedInterfaceOrientations_iPhone = "UIInterfaceOrientationPortrait UIInterfaceOrientationLandscapeLeft UIInterfaceOrientationLandscapeRight";
				LD_RUNPATH_SEARCH_PATHS = (
					"$(inherited)",
					"@executable_path/Frameworks",
				);
				MARKETING_VERSION = 1.0;
				PRODUCT_BUNDLE_IDENTIFIER = com.xiaoyou.DEMO;
				PRODUCT_NAME = "$(TARGET_NAME)";
				SWIFT_EMIT_LOC_STRINGS = YES;
				SWIFT_VERSION = 5.0;
				TARGETED_DEVICE_FAMILY = "1,2";
			};
			name = Release;
		};
		B4C17AAB2B90D3A10036001B /* Debug */ = {
			isa = XCBuildConfiguration;
			baseConfigurationReference = 61CC9FF9D5336A9D4517F948 /* Pods-DEMOTests.debug.xcconfig */;
			buildSettings = {
				ALWAYS_EMBED_SWIFT_STANDARD_LIBRARIES = YES;
				BUNDLE_LOADER = "$(TEST_HOST)";
				CODE_SIGN_STYLE = Automatic;
				CURRENT_PROJECT_VERSION = 1;
				DEVELOPMENT_TEAM = J9CJUEB6H8;
				GENERATE_INFOPLIST_FILE = YES;
				IPHONEOS_DEPLOYMENT_TARGET = 17.0;
				MARKETING_VERSION = 1.0;
				PRODUCT_BUNDLE_IDENTIFIER = com.xiaoyou.DEMOTests;
				PRODUCT_NAME = "$(TARGET_NAME)";
				SWIFT_EMIT_LOC_STRINGS = NO;
				SWIFT_VERSION = 5.0;
				TARGETED_DEVICE_FAMILY = "1,2";
				TEST_HOST = "$(BUILT_PRODUCTS_DIR)/DEMO.app/$(BUNDLE_EXECUTABLE_FOLDER_PATH)/DEMO";
			};
			name = Debug;
		};
		B4C17AAC2B90D3A10036001B /* Release */ = {
			isa = XCBuildConfiguration;
			baseConfigurationReference = DA48A6B364F3D301D858AADF /* Pods-DEMOTests.release.xcconfig */;
			buildSettings = {
				ALWAYS_EMBED_SWIFT_STANDARD_LIBRARIES = YES;
				BUNDLE_LOADER = "$(TEST_HOST)";
				CODE_SIGN_STYLE = Automatic;
				CURRENT_PROJECT_VERSION = 1;
				DEVELOPMENT_TEAM = J9CJUEB6H8;
				GENERATE_INFOPLIST_FILE = YES;
				IPHONEOS_DEPLOYMENT_TARGET = 17.0;
				MARKETING_VERSION = 1.0;
				PRODUCT_BUNDLE_IDENTIFIER = com.xiaoyou.DEMOTests;
				PRODUCT_NAME = "$(TARGET_NAME)";
				SWIFT_EMIT_LOC_STRINGS = NO;
				SWIFT_VERSION = 5.0;
				TARGETED_DEVICE_FAMILY = "1,2";
				TEST_HOST = "$(BUILT_PRODUCTS_DIR)/DEMO.app/$(BUNDLE_EXECUTABLE_FOLDER_PATH)/DEMO";
			};
			name = Release;
		};
		B4C17AAE2B90D3A10036001B /* Debug */ = {
			isa = XCBuildConfiguration;
			baseConfigurationReference = E10CB626DF43FC7EB854E491 /* Pods-DEMO-DEMOUITests.debug.xcconfig */;
			buildSettings = {
				ALWAYS_EMBED_SWIFT_STANDARD_LIBRARIES = YES;
				CODE_SIGN_STYLE = Automatic;
				CURRENT_PROJECT_VERSION = 1;
				DEVELOPMENT_TEAM = J9CJUEB6H8;
				GENERATE_INFOPLIST_FILE = YES;
				MARKETING_VERSION = 1.0;
				PRODUCT_BUNDLE_IDENTIFIER = com.xiaoyou.DEMOUITests;
				PRODUCT_NAME = "$(TARGET_NAME)";
				SWIFT_EMIT_LOC_STRINGS = NO;
				SWIFT_VERSION = 5.0;
				TARGETED_DEVICE_FAMILY = "1,2";
				TEST_TARGET_NAME = DEMO;
			};
			name = Debug;
		};
		B4C17AAF2B90D3A10036001B /* Release */ = {
			isa = XCBuildConfiguration;
			baseConfigurationReference = D6821049747A498E5DB6AC48 /* Pods-DEMO-DEMOUITests.release.xcconfig */;
			buildSettings = {
				ALWAYS_EMBED_SWIFT_STANDARD_LIBRARIES = YES;
				CODE_SIGN_STYLE = Automatic;
				CURRENT_PROJECT_VERSION = 1;
				DEVELOPMENT_TEAM = J9CJUEB6H8;
				GENERATE_INFOPLIST_FILE = YES;
				MARKETING_VERSION = 1.0;
				PRODUCT_BUNDLE_IDENTIFIER = com.xiaoyou.DEMOUITests;
				PRODUCT_NAME = "$(TARGET_NAME)";
				SWIFT_EMIT_LOC_STRINGS = NO;
				SWIFT_VERSION = 5.0;
				TARGETED_DEVICE_FAMILY = "1,2";
				TEST_TARGET_NAME = DEMO;
			};
			name = Release;
		};
/* End XCBuildConfiguration section */

/* Begin XCConfigurationList section */
		B4C17A782B90D3A00036001B /* Build configuration list for PBXProject "DEMO" */ = {
			isa = XCConfigurationList;
			buildConfigurations = (
				B4C17AA52B90D3A10036001B /* Debug */,
				B4C17AA62B90D3A10036001B /* Release */,
			);
			defaultConfigurationIsVisible = 0;
			defaultConfigurationName = Release;
		};
		B4C17AA72B90D3A10036001B /* Build configuration list for PBXNativeTarget "DEMO" */ = {
			isa = XCConfigurationList;
			buildConfigurations = (
				B4C17AA82B90D3A10036001B /* Debug */,
				B4C17AA92B90D3A10036001B /* Release */,
			);
			defaultConfigurationIsVisible = 0;
			defaultConfigurationName = Release;
		};
		B4C17AAA2B90D3A10036001B /* Build configuration list for PBXNativeTarget "DEMOTests" */ = {
			isa = XCConfigurationList;
			buildConfigurations = (
				B4C17AAB2B90D3A10036001B /* Debug */,
				B4C17AAC2B90D3A10036001B /* Release */,
			);
			defaultConfigurationIsVisible = 0;
			defaultConfigurationName = Release;
		};
		B4C17AAD2B90D3A10036001B /* Build configuration list for PBXNativeTarget "DEMOUITests" */ = {
			isa = XCConfigurationList;
			buildConfigurations = (
				B4C17AAE2B90D3A10036001B /* Debug */,
				B4C17AAF2B90D3A10036001B /* Release */,
			);
			defaultConfigurationIsVisible = 0;
			defaultConfigurationName = Release;
		};
/* End XCConfigurationList section */
	};
	rootObject = B4C17A752B90D3A00036001B /* Project object */;
}
